github.com/atotto/clipboard v0.1.4 h1:EH0zSVneZPSuFR11BlR9YppQTVDbh5+16AmcJi4g1z4=
github.com/atotto/clipboard v0.1.4/go.mod h1:ZY9tmq7sm5xIbd9bOK4onWV4S6X0u6GY7Vn0Yu86PYI=
github.com/kinbiko/bugsnag v0.15.1 h1:L5VIvbsa4SYXV+LCFo9nU28iguxwdS3kdpnMkDq8vPs=
github.com/kinbiko/bugsnag v0.15.1/go.mod h1:b1eefRseIFZEQ8gdftFjHgYbGtr9hz2jrOwMMR10L4M=
github.com/kinbiko/jsonassert v1.1.1 h1:DB12divY+YB+cVpHULLuKePSi6+ui4M/shHSzJISkSE=
github.com/kinbiko/jsonassert v1.1.1/go.mod h1:NO4lzrogohtIdNUNzx8sdzB55M4R4Q1bsrWVdqQ7C+A=
